
Microsoft Visual Studio Solution File, Format Version 12.00
# Visual Studio Version 16
VisualStudioVersion = 16.0.31911.196
MinimumVisualStudioVersion = 10.0.40219.1
Project("{FAE04EC0-301F-11D3-BF4B-00C04F79EFBC}") = "MyEshop2", "MyEshop2\MyEshop2.csproj", "{D6A4C7BB-D293-4FDA-92DD-0CC2E81B791D}"
EndProject
Global
	GlobalSection(SolutionConfigurationPlatforms) = preSolution
		Debug|Any CPU = Debug|Any CPU
		Release|Any CPU = Release|Any CPU
	EndGlobalSection
	GlobalSection(ProjectConfigurationPlatforms) = postSolution
		{D6A4C7BB-D293-4FDA-92DD-0CC2E81B791D}.Debug|Any CPU.ActiveCfg = Debug|Any CPU
		{D6A4C7BB-D293-4FDA-92DD-0CC2E81B791D}.Debug|Any CPU.Build.0 = Debug|Any CPU
		{D6A4C7BB-D293-4FDA-92DD-0CC2E81B791D}.Release|Any CPU.ActiveCfg = Release|Any CPU
		{D6A4C7BB-D293-4FDA-92DD-0CC2E81B791D}.Release|Any CPU.Build.0 = Release|Any CPU
	EndGlobalSection
	GlobalSection(SolutionProperties) = preSolution
		HideSolutionNode = FALSE
	EndGlobalSection
	GlobalSection(ExtensibilityGlobals) = postSolution
		SolutionGuid = {2BC68409-BFA0-4F36-8A82-D44B0260D133}
	EndGlobalSection
EndGlobal
